
Microsoft Visual Studio Solution File, Format Version 12.00
# Visual Studio 15
VisualStudioVersion = 15.0.27703.2035
MinimumVisualStudioVersion = 10.0.40219.1
Project("{FAE04EC0-301F-11D3-BF4B-00C04F79EFBC}") = "RyanLemonadeStand", "RyanLemonadeStand\RyanLemonadeStand.csproj", "{DA84337E-7F23-4209-8B5C-9D1FB6C5008C}"
EndProject
Global
	GlobalSection(SolutionConfigurationPlatforms) = preSolution
		Debug|Any CPU = Debug|Any CPU
		Release|Any CPU = Release|Any CPU
	EndGlobalSection
	GlobalSection(ProjectConfigurationPlatforms) = postSolution
		{DA84337E-7F23-4209-8B5C-9D1FB6C5008C}.Debug|Any CPU.ActiveCfg = Debug|Any CPU
		{DA84337E-7F23-4209-8B5C-9D1FB6C5008C}.Debug|Any CPU.Build.0 = Debug|Any CPU
		{DA84337E-7F23-4209-8B5C-9D1FB6C5008C}.Release|Any CPU.ActiveCfg = Release|Any CPU
		{DA84337E-7F23-4209-8B5C-9D1FB6C5008C}.Release|Any CPU.Build.0 = Release|Any CPU
	EndGlobalSection
	GlobalSection(SolutionProperties) = preSolution
		HideSolutionNode = FALSE
	EndGlobalSection
	GlobalSection(ExtensibilityGlobals) = postSolution
		SolutionGuid = {2C2D456D-5FE1-4553-BE60-DFF0B9B20B36}
	EndGlobalSection
EndGlobal
